
Microsoft Visual Studio Solution File, Format Version 12.00
# Visual Studio Version 16
VisualStudioVersion = 16.0.30204.135
MinimumVisualStudioVersion = 10.0.40219.1
Project("{FAE04EC0-301F-11D3-BF4B-00C04F79EFBC}") = "FigureFactory", "FigureFactory\FigureFactory.csproj", "{0260DD9B-EEFB-4DD4-B771-9A63F260BF9D}"
EndProject
Global
	GlobalSection(SolutionConfigurationPlatforms) = preSolution
		Debug|Any CPU = Debug|Any CPU
		Release|Any CPU = Release|Any CPU
	EndGlobalSection
	GlobalSection(ProjectConfigurationPlatforms) = postSolution
		{0260DD9B-EEFB-4DD4-B771-9A63F260BF9D}.Debug|Any CPU.ActiveCfg = Debug|Any CPU
		{0260DD9B-EEFB-4DD4-B771-9A63F260BF9D}.Debug|Any CPU.Build.0 = Debug|Any CPU
		{0260DD9B-EEFB-4DD4-B771-9A63F260BF9D}.Release|Any CPU.ActiveCfg = Release|Any CPU
		{0260DD9B-EEFB-4DD4-B771-9A63F260BF9D}.Release|Any CPU.Build.0 = Release|Any CPU
	EndGlobalSection
	GlobalSection(SolutionProperties) = preSolution
		HideSolutionNode = FALSE
	EndGlobalSection
	GlobalSection(ExtensibilityGlobals) = postSolution
		SolutionGuid = {22096B81-9C1C-4999-9821-A0F8BCBEA9DD}
	EndGlobalSection
EndGlobal
